
Microsoft Visual Studio Solution File, Format Version 12.00
# Visual Studio 2013
VisualStudioVersion = 12.0.31101.0
MinimumVisualStudioVersion = 10.0.40219.1
Project("{FAE04EC0-301F-11D3-BF4B-00C04F79EFBC}") = "Acreditaciones", "Acreditaciones\Acreditaciones.csproj", "{B708A58A-257A-4671-8854-DDEB7F14E48E}"
EndProject
Project("{2150E333-8FDC-42A3-9474-1A3956D46DE8}") = "PublishScripts", "PublishScripts", "{D01B1104-7BED-4C98-A1F6-22616EC4229D}"
	ProjectSection(SolutionItems) = preProject
		PublishScripts\AzureWebsitePublishModule.psm1 = PublishScripts\AzureWebsitePublishModule.psm1
		PublishScripts\Publish-WebApplicationWebsite.ps1 = PublishScripts\Publish-WebApplicationWebsite.ps1
	EndProjectSection
EndProject
Project("{2150E333-8FDC-42A3-9474-1A3956D46DE8}") = "Configurations", "Configurations", "{8B1D6769-344C-4F10-A6F1-482BBDBD00E0}"
	ProjectSection(SolutionItems) = preProject
		PublishScripts\Configurations\Acreditaciones-WAWS-dev.json = PublishScripts\Configurations\Acreditaciones-WAWS-dev.json
		PublishScripts\Configurations\AcreditacionesBackend-WAWS-dev.json = PublishScripts\Configurations\AcreditacionesBackend-WAWS-dev.json
	EndProjectSection
EndProject
Project("{FAE04EC0-301F-11D3-BF4B-00C04F79EFBC}") = "AcreditacionesBackend", "AcreditacionesBackend\AcreditacionesBackend.csproj", "{618788F4-4FC4-47A2-A5E7-7F79B147881B}"
EndProject
Global
	GlobalSection(SolutionConfigurationPlatforms) = preSolution
		Debug|Any CPU = Debug|Any CPU
		Release|Any CPU = Release|Any CPU
	EndGlobalSection
	GlobalSection(ProjectConfigurationPlatforms) = postSolution
		{B708A58A-257A-4671-8854-DDEB7F14E48E}.Debug|Any CPU.ActiveCfg = Debug|Any CPU
		{B708A58A-257A-4671-8854-DDEB7F14E48E}.Debug|Any CPU.Build.0 = Debug|Any CPU
		{B708A58A-257A-4671-8854-DDEB7F14E48E}.Release|Any CPU.ActiveCfg = Release|Any CPU
		{B708A58A-257A-4671-8854-DDEB7F14E48E}.Release|Any CPU.Build.0 = Release|Any CPU
		{618788F4-4FC4-47A2-A5E7-7F79B147881B}.Debug|Any CPU.ActiveCfg = Debug|Any CPU
		{618788F4-4FC4-47A2-A5E7-7F79B147881B}.Debug|Any CPU.Build.0 = Debug|Any CPU
		{618788F4-4FC4-47A2-A5E7-7F79B147881B}.Release|Any CPU.ActiveCfg = Release|Any CPU
		{618788F4-4FC4-47A2-A5E7-7F79B147881B}.Release|Any CPU.Build.0 = Release|Any CPU
	EndGlobalSection
	GlobalSection(SolutionProperties) = preSolution
		HideSolutionNode = FALSE
	EndGlobalSection
	GlobalSection(NestedProjects) = preSolution
		{8B1D6769-344C-4F10-A6F1-482BBDBD00E0} = {D01B1104-7BED-4C98-A1F6-22616EC4229D}
	EndGlobalSection
EndGlobal
